
Microsoft Visual Studio Solution File, Format Version 12.00
# Visual Studio Version 17
VisualStudioVersion = 17.2.32526.322
MinimumVisualStudioVersion = 10.0.40219.1
Project("{FAE04EC0-301F-11D3-BF4B-00C04F79EFBC}") = "Monitor", "Monitor\Monitor.csproj", "{AB06D92D-A562-404B-980E-27363E7E950B}"
EndProject
Global
	GlobalSection(SolutionConfigurationPlatforms) = preSolution
		Debug|Any CPU = Debug|Any CPU
		Release|Any CPU = Release|Any CPU
	EndGlobalSection
	GlobalSection(ProjectConfigurationPlatforms) = postSolution
		{AB06D92D-A562-404B-980E-27363E7E950B}.Debug|Any CPU.ActiveCfg = Debug|Any CPU
		{AB06D92D-A562-404B-980E-27363E7E950B}.Debug|Any CPU.Build.0 = Debug|Any CPU
		{AB06D92D-A562-404B-980E-27363E7E950B}.Release|Any CPU.ActiveCfg = Release|Any CPU
		{AB06D92D-A562-404B-980E-27363E7E950B}.Release|Any CPU.Build.0 = Release|Any CPU
	EndGlobalSection
	GlobalSection(SolutionProperties) = preSolution
		HideSolutionNode = FALSE
	EndGlobalSection
	GlobalSection(ExtensibilityGlobals) = postSolution
		SolutionGuid = {D63ABDB2-FEFA-4FBC-893F-1F8561FE5DB3}
	EndGlobalSection
EndGlobal
